// !$*UTF8*$!
{
	archiveVersion = 1;
	classes = {
	};
	objectVersion = 51;
	objects = {

/* Begin PBXBuildFile section */
		4AB80CDBE783825ABDDFA507 /* Pods_Chat_App.framework in Frameworks */ = {isa = PBXBuildFile; fileRef = AD89F57B78F1AF9F1A9E13F6 /* Pods_Chat_App.framework */; };
		A30BF8FA2315879600B04EEC /* Message.swift in Sources */ = {isa = PBXBuildFile; fileRef = A30BF8F92315879600B04EEC /* Message.swift */; };
		A30BF8FC23158B3D00B04EEC /* User.swift in Sources */ = {isa = PBXBuildFile; fileRef = A30BF8FB23158B3D00B04EEC /* User.swift */; };
		A37AEAC1231084E200699D29 /* AppDelegate.swift in Sources */ = {isa = PBXBuildFile; fileRef = A37AEAC0231084E200699D29 /* AppDelegate.swift */; };
		A37AEAC3231084E200699D29 /* loginVC.swift in Sources */ = {isa = PBXBuildFile; fileRef = A37AEAC2231084E200699D29 /* loginVC.swift */; };
		A37AEAC6231084E200699D29 /* Auth.storyboard in Resources */ = {isa = PBXBuildFile; fileRef = A37AEAC4231084E200699D29 /* Auth.storyboard */; };
		A37AEAC8231084E400699D29 /* Assets.xcassets in Resources */ = {isa = PBXBuildFile; fileRef = A37AEAC7231084E400699D29 /* Assets.xcassets */; };
		A37AEACB231084E400699D29 /* LaunchScreen.storyboard in Resources */ = {isa = PBXBuildFile; fileRef = A37AEAC9231084E400699D29 /* LaunchScreen.storyboard */; };
		A37AEAD9231086DF00699D29 /* ChatBody.storyboard in Resources */ = {isa = PBXBuildFile; fileRef = A37AEAD8231086DF00699D29 /* ChatBody.storyboard */; };
		A37AEADD231087E400699D29 /* signUpVC.swift in Sources */ = {isa = PBXBuildFile; fileRef = A37AEADC231087E400699D29 /* signUpVC.swift */; };
		A37AEADF231087F900699D29 /* resetPassVC.swift in Sources */ = {isa = PBXBuildFile; fileRef = A37AEADE231087F900699D29 /* resetPassVC.swift */; };
		A37AEAE1231089AD00699D29 /* chatListVC.swift in Sources */ = {isa = PBXBuildFile; fileRef = A37AEAE0231089AD00699D29 /* chatListVC.swift */; };
		A37AEAE3231089C000699D29 /* callListVC.swift in Sources */ = {isa = PBXBuildFile; fileRef = A37AEAE2231089C000699D29 /* callListVC.swift */; };
		A37AEAE5231089D300699D29 /* moreVC.swift in Sources */ = {isa = PBXBuildFile; fileRef = A37AEAE4231089D300699D29 /* moreVC.swift */; };
		A3E3FDAD2310924600BD23FB /* chatFunctions.storyboard in Resources */ = {isa = PBXBuildFile; fileRef = A3E3FDAC2310924600BD23FB /* chatFunctions.storyboard */; };
		A3E3FDB12310929900BD23FB /* chatVC.swift in Sources */ = {isa = PBXBuildFile; fileRef = A3E3FDB02310929900BD23FB /* chatVC.swift */; };
		A3E3FDB32310938200BD23FB /* chatBubbleView.swift in Sources */ = {isa = PBXBuildFile; fileRef = A3E3FDB22310938200BD23FB /* chatBubbleView.swift */; };
		A3E3FDB5231096BB00BD23FB /* chatCell.swift in Sources */ = {isa = PBXBuildFile; fileRef = A3E3FDB4231096BB00BD23FB /* chatCell.swift */; };
		E179CC2C231CD02100765E4D /* Conversation.swift in Sources */ = {isa = PBXBuildFile; fileRef = E179CC2B231CD02100765E4D /* Conversation.swift */; };
		E179CC2E231CD10300765E4D /* conversationServices.swift in Sources */ = {isa = PBXBuildFile; fileRef = E179CC2D231CD10300765E4D /* conversationServices.swift */; };
		E19762AA2321148700700CE3 /* oneToOneConvoServices.swift in Sources */ = {isa = PBXBuildFile; fileRef = E19762A92321148700700CE3 /* oneToOneConvoServices.swift */; };
		E1B166C6231A832500E1DD97 /* userServices.swift in Sources */ = {isa = PBXBuildFile; fileRef = E1B166C5231A832500E1DD97 /* userServices.swift */; };
		E1B166C8231A833200E1DD97 /* msgServices.swift in Sources */ = {isa = PBXBuildFile; fileRef = E1B166C7231A833200E1DD97 /* msgServices.swift */; };
		E1C99234231AE575004BD02F /* GoogleService-Info.plist in Resources */ = {isa = PBXBuildFile; fileRef = E1C99233231AE575004BD02F /* GoogleService-Info.plist */; };
		E1DB0EC42317D9FF00992092 /* callListCell.swift in Sources */ = {isa = PBXBuildFile; fileRef = E1DB0EC32317D9FF00992092 /* callListCell.swift */; };
		E1DB0EC62317DA1000992092 /* chatListCell.swift in Sources */ = {isa = PBXBuildFile; fileRef = E1DB0EC52317DA1000992092 /* chatListCell.swift */; };
		E1DB0EC82317E0EA00992092 /* newMessageVC.swift in Sources */ = {isa = PBXBuildFile; fileRef = E1DB0EC72317E0EA00992092 /* newMessageVC.swift */; };
		E1DB0ECA2317E14300992092 /* newMessageCell.swift in Sources */ = {isa = PBXBuildFile; fileRef = E1DB0EC92317E14300992092 /* newMessageCell.swift */; };
/* End PBXBuildFile section */

/* Begin PBXFileReference section */
		065A03765BD585841267CCE0 /* Pods-Chat App.release.xcconfig */ = {isa = PBXFileReference; includeInIndex = 1; lastKnownFileType = text.xcconfig; name = "Pods-Chat App.release.xcconfig"; path = "Target Support Files/Pods-Chat App/Pods-Chat App.release.xcconfig"; sourceTree = "<group>"; };
		A30BF8F92315879600B04EEC /* Message.swift */ = {isa = PBXFileReference; lastKnownFileType = sourcecode.swift; path = Message.swift; sourceTree = "<group>"; };
		A30BF8FB23158B3D00B04EEC /* User.swift */ = {isa = PBXFileReference; lastKnownFileType = sourcecode.swift; path = User.swift; sourceTree = "<group>"; };
		A37AEABD231084E200699D29 /* Chat App.app */ = {isa = PBXFileReference; explicitFileType = wrapper.application; includeInIndex = 0; path = "Chat App.app"; sourceTree = BUILT_PRODUCTS_DIR; };
		A37AEAC0231084E200699D29 /* AppDelegate.swift */ = {isa = PBXFileReference; lastKnownFileType = sourcecode.swift; path = AppDelegate.swift; sourceTree = "<group>"; };
		A37AEAC2231084E200699D29 /* loginVC.swift */ = {isa = PBXFileReference; lastKnownFileType = sourcecode.swift; path = loginVC.swift; sourceTree = "<group>"; };
		A37AEAC5231084E200699D29 /* Base */ = {isa = PBXFileReference; lastKnownFileType = file.storyboard; name = Base; path = Base.lproj/Auth.storyboard; sourceTree = "<group>"; };
		A37AEAC7231084E400699D29 /* Assets.xcassets */ = {isa = PBXFileReference; lastKnownFileType = folder.assetcatalog; path = Assets.xcassets; sourceTree = "<group>"; };
		A37AEACA231084E400699D29 /* Base */ = {isa = PBXFileReference; lastKnownFileType = file.storyboard; name = Base; path = Base.lproj/LaunchScreen.storyboard; sourceTree = "<group>"; };
		A37AEACC231084E400699D29 /* Info.plist */ = {isa = PBXFileReference; lastKnownFileType = text.plist.xml; path = Info.plist; sourceTree = "<group>"; };
		A37AEAD8231086DF00699D29 /* ChatBody.storyboard */ = {isa = PBXFileReference; lastKnownFileType = file.storyboard; path = ChatBody.storyboard; sourceTree = "<group>"; };
		A37AEADC231087E400699D29 /* signUpVC.swift */ = {isa = PBXFileReference; lastKnownFileType = sourcecode.swift; path = signUpVC.swift; sourceTree = "<group>"; };
		A37AEADE231087F900699D29 /* resetPassVC.swift */ = {isa = PBXFileReference; lastKnownFileType = sourcecode.swift; path = resetPassVC.swift; sourceTree = "<group>"; };
		A37AEAE0231089AD00699D29 /* chatListVC.swift */ = {isa = PBXFileReference; lastKnownFileType = sourcecode.swift; path = chatListVC.swift; sourceTree = "<group>"; };
		A37AEAE2231089C000699D29 /* callListVC.swift */ = {isa = PBXFileReference; lastKnownFileType = sourcecode.swift; path = callListVC.swift; sourceTree = "<group>"; };
		A37AEAE4231089D300699D29 /* moreVC.swift */ = {isa = PBXFileReference; lastKnownFileType = sourcecode.swift; path = moreVC.swift; sourceTree = "<group>"; };
		A3E3FDAC2310924600BD23FB /* chatFunctions.storyboard */ = {isa = PBXFileReference; lastKnownFileType = file.storyboard; path = chatFunctions.storyboard; sourceTree = "<group>"; };
		A3E3FDB02310929900BD23FB /* chatVC.swift */ = {isa = PBXFileReference; lastKnownFileType = sourcecode.swift; path = chatVC.swift; sourceTree = "<group>"; };
		A3E3FDB22310938200BD23FB /* chatBubbleView.swift */ = {isa = PBXFileReference; lastKnownFileType = sourcecode.swift; path = chatBubbleView.swift; sourceTree = "<group>"; };
		A3E3FDB4231096BB00BD23FB /* chatCell.swift */ = {isa = PBXFileReference; lastKnownFileType = sourcecode.swift; path = chatCell.swift; sourceTree = "<group>"; };
		AD89F57B78F1AF9F1A9E13F6 /* Pods_Chat_App.framework */ = {isa = PBXFileReference; explicitFileType = wrapper.framework; includeInIndex = 0; path = Pods_Chat_App.framework; sourceTree = BUILT_PRODUCTS_DIR; };
		E0D9A95B729E3274EB90382B /* Pods-Chat App.debug.xcconfig */ = {isa = PBXFileReference; includeInIndex = 1; lastKnownFileType = text.xcconfig; name = "Pods-Chat App.debug.xcconfig"; path = "Target Support Files/Pods-Chat App/Pods-Chat App.debug.xcconfig"; sourceTree = "<group>"; };
		E179CC2B231CD02100765E4D /* Conversation.swift */ = {isa = PBXFileReference; lastKnownFileType = sourcecode.swift; path = Conversation.swift; sourceTree = "<group>"; };
		E179CC2D231CD10300765E4D /* conversationServices.swift */ = {isa = PBXFileReference; lastKnownFileType = sourcecode.swift; path = conversationServices.swift; sourceTree = "<group>"; };
		E19762A92321148700700CE3 /* oneToOneConvoServices.swift */ = {isa = PBXFileReference; lastKnownFileType = sourcecode.swift; path = oneToOneConvoServices.swift; sourceTree = "<group>"; };
		E1B166C5231A832500E1DD97 /* userServices.swift */ = {isa = PBXFileReference; lastKnownFileType = sourcecode.swift; path = userServices.swift; sourceTree = "<group>"; };
		E1B166C7231A833200E1DD97 /* msgServices.swift */ = {isa = PBXFileReference; lastKnownFileType = sourcecode.swift; path = msgServices.swift; sourceTree = "<group>"; };
		E1C99233231AE575004BD02F /* GoogleService-Info.plist */ = {isa = PBXFileReference; fileEncoding = 4; lastKnownFileType = text.plist.xml; path = "GoogleService-Info.plist"; sourceTree = "<group>"; };
		E1DB0EC32317D9FF00992092 /* callListCell.swift */ = {isa = PBXFileReference; lastKnownFileType = sourcecode.swift; path = callListCell.swift; sourceTree = "<group>"; };
		E1DB0EC52317DA1000992092 /* chatListCell.swift */ = {isa = PBXFileReference; lastKnownFileType = sourcecode.swift; path = chatListCell.swift; sourceTree = "<group>"; };
		E1DB0EC72317E0EA00992092 /* newMessageVC.swift */ = {isa = PBXFileReference; lastKnownFileType = sourcecode.swift; path = newMessageVC.swift; sourceTree = "<group>"; };
		E1DB0EC92317E14300992092 /* newMessageCell.swift */ = {isa = PBXFileReference; lastKnownFileType = sourcecode.swift; path = newMessageCell.swift; sourceTree = "<group>"; };
/* End PBXFileReference section */

/* Begin PBXFrameworksBuildPhase section */
		A37AEABA231084E200699D29 /* Frameworks */ = {
			isa = PBXFrameworksBuildPhase;
			buildActionMask = 2147483647;
			files = (
				4AB80CDBE783825ABDDFA507 /* Pods_Chat_App.framework in Frameworks */,
			);
			runOnlyForDeploymentPostprocessing = 0;
		};
/* End PBXFrameworksBuildPhase section */

/* Begin PBXGroup section */
		70BABE300E98FD04B87C84A1 /* Pods */ = {
			isa = PBXGroup;
			children = (
				E0D9A95B729E3274EB90382B /* Pods-Chat App.debug.xcconfig */,
				065A03765BD585841267CCE0 /* Pods-Chat App.release.xcconfig */,
			);
			path = Pods;
			sourceTree = "<group>";
		};
		81E72ECAAB012E561A1CCFA6 /* Frameworks */ = {
			isa = PBXGroup;
			children = (
				AD89F57B78F1AF9F1A9E13F6 /* Pods_Chat_App.framework */,
			);
			name = Frameworks;
			sourceTree = "<group>";
		};
		A37AEAB4231084E200699D29 = {
			isa = PBXGroup;
			children = (
				A37AEABF231084E200699D29 /* Chat App */,
				A37AEABE231084E200699D29 /* Products */,
				70BABE300E98FD04B87C84A1 /* Pods */,
				81E72ECAAB012E561A1CCFA6 /* Frameworks */,
			);
			sourceTree = "<group>";
		};
		A37AEABE231084E200699D29 /* Products */ = {
			isa = PBXGroup;
			children = (
				A37AEABD231084E200699D29 /* Chat App.app */,
			);
			name = Products;
			sourceTree = "<group>";
		};
		A37AEABF231084E200699D29 /* Chat App */ = {
			isa = PBXGroup;
			children = (
				A37AEAD52310862A00699D29 /* Controllers */,
				A37AEAD42310862600699D29 /* Model */,
				E1B166C4231A830C00E1DD97 /* Networking */,
				A37AEAD32310861800699D29 /* Utilities */,
				A37AEAD22310860E00699D29 /* Views */,
				A37AEAC7231084E400699D29 /* Assets.xcassets */,
				E1C99233231AE575004BD02F /* GoogleService-Info.plist */,
				A37AEACC231084E400699D29 /* Info.plist */,
			);
			path = "Chat App";
			sourceTree = "<group>";
		};
		A37AEAD22310860E00699D29 /* Views */ = {
			isa = PBXGroup;
			children = (
				A37AEAC9231084E400699D29 /* LaunchScreen.storyboard */,
				A37AEAD62310867600699D29 /* Auth */,
				A37AEAD72310868300699D29 /* ChatBody */,
			);
			path = Views;
			sourceTree = "<group>";
		};
		A37AEAD32310861800699D29 /* Utilities */ = {
			isa = PBXGroup;
			children = (
				A3E3FDB22310938200BD23FB /* chatBubbleView.swift */,
			);
			path = Utilities;
			sourceTree = "<group>";
		};
		A37AEAD42310862600699D29 /* Model */ = {
			isa = PBXGroup;
			children = (
				A30BF8F92315879600B04EEC /* Message.swift */,
				A30BF8FB23158B3D00B04EEC /* User.swift */,
				E179CC2B231CD02100765E4D /* Conversation.swift */,
			);
			path = Model;
			sourceTree = "<group>";
		};
		A37AEAD52310862A00699D29 /* Controllers */ = {
			isa = PBXGroup;
			children = (
				A37AEADA231087B700699D29 /* Auth */,
				A37AEADB231087BD00699D29 /* ChatBody */,
				A37AEAC0231084E200699D29 /* AppDelegate.swift */,
			);
			path = Controllers;
			sourceTree = "<group>";
		};
		A37AEAD62310867600699D29 /* Auth */ = {
			isa = PBXGroup;
			children = (
				A37AEAC4231084E200699D29 /* Auth.storyboard */,
			);
			path = Auth;
			sourceTree = "<group>";
		};
		A37AEAD72310868300699D29 /* ChatBody */ = {
			isa = PBXGroup;
			children = (
				A37AEAD8231086DF00699D29 /* ChatBody.storyboard */,
				A3E3FDAC2310924600BD23FB /* chatFunctions.storyboard */,
			);
			path = ChatBody;
			sourceTree = "<group>";
		};
		A37AEADA231087B700699D29 /* Auth */ = {
			isa = PBXGroup;
			children = (
				A37AEAC2231084E200699D29 /* loginVC.swift */,
				A37AEADC231087E400699D29 /* signUpVC.swift */,
				A37AEADE231087F900699D29 /* resetPassVC.swift */,
			);
			path = Auth;
			sourceTree = "<group>";
		};
		A37AEADB231087BD00699D29 /* ChatBody */ = {
			isa = PBXGroup;
			children = (
				A3E3FDAE2310926E00BD23FB /* Body */,
				A3E3FDAF2310928200BD23FB /* Functions */,
			);
			path = ChatBody;
			sourceTree = "<group>";
		};
		A3E3FDAE2310926E00BD23FB /* Body */ = {
			isa = PBXGroup;
			children = (
				A37AEAE2231089C000699D29 /* callListVC.swift */,
				A37AEAE0231089AD00699D29 /* chatListVC.swift */,
				A37AEAE4231089D300699D29 /* moreVC.swift */,
				E1DB0EC32317D9FF00992092 /* callListCell.swift */,
				E1DB0EC52317DA1000992092 /* chatListCell.swift */,
			);
			path = Body;
			sourceTree = "<group>";
		};
		A3E3FDAF2310928200BD23FB /* Functions */ = {
			isa = PBXGroup;
			children = (
				A3E3FDB02310929900BD23FB /* chatVC.swift */,
				A3E3FDB4231096BB00BD23FB /* chatCell.swift */,
				E1DB0EC72317E0EA00992092 /* newMessageVC.swift */,
				E1DB0EC92317E14300992092 /* newMessageCell.swift */,
			);
			path = Functions;
			sourceTree = "<group>";
		};
		E1B166C4231A830C00E1DD97 /* Networking */ = {
			isa = PBXGroup;
			children = (
				E1B166C5231A832500E1DD97 /* userServices.swift */,
				E1B166C7231A833200E1DD97 /* msgServices.swift */,
				E179CC2D231CD10300765E4D /* conversationServices.swift */,
				E19762A92321148700700CE3 /* oneToOneConvoServices.swift */,
			);
			path = Networking;
			sourceTree = "<group>";
		};
/* End PBXGroup section */

/* Begin PBXNativeTarget section */
		A37AEABC231084E200699D29 /* Chat App */ = {
			isa = PBXNativeTarget;
			buildConfigurationList = A37AEACF231084E400699D29 /* Build configuration list for PBXNativeTarget "Chat App" */;
			buildPhases = (
				C5AA19700B49BAB514516E0D /* [CP] Check Pods Manifest.lock */,
				A37AEAB9231084E200699D29 /* Sources */,
				A37AEABA231084E200699D29 /* Frameworks */,
				A37AEABB231084E200699D29 /* Resources */,
				52A2133323DF2265B4AC5AE5 /* [CP] Embed Pods Frameworks */,
			);
			buildRules = (
			);
			dependencies = (
			);
			name = "Chat App";
			productName = "Chat App";
			productReference = A37AEABD231084E200699D29 /* Chat App.app */;
			productType = "com.apple.product-type.application";
		};
/* End PBXNativeTarget section */

/* Begin PBXProject section */
		A37AEAB5231084E200699D29 /* Project object */ = {
			isa = PBXProject;
			attributes = {
				LastSwiftUpdateCheck = 1020;
				LastUpgradeCheck = 1020;
				ORGANIZATIONNAME = SunnyMac;
				TargetAttributes = {
					A37AEABC231084E200699D29 = {
						CreatedOnToolsVersion = 10.2.1;
					};
				};
			};
			buildConfigurationList = A37AEAB8231084E200699D29 /* Build configuration list for PBXProject "Chat App" */;
			compatibilityVersion = "Xcode 9.3";
			developmentRegion = en;
			hasScannedForEncodings = 0;
			knownRegions = (
				en,
				Base,
			);
			mainGroup = A37AEAB4231084E200699D29;
			productRefGroup = A37AEABE231084E200699D29 /* Products */;
			projectDirPath = "";
			projectRoot = "";
			targets = (
				A37AEABC231084E200699D29 /* Chat App */,
			);
		};
/* End PBXProject section */

/* Begin PBXResourcesBuildPhase section */
		A37AEABB231084E200699D29 /* Resources */ = {
			isa = PBXResourcesBuildPhase;
			buildActionMask = 2147483647;
			files = (
				A37AEAD9231086DF00699D29 /* ChatBody.storyboard in Resources */,
				A37AEACB231084E400699D29 /* LaunchScreen.storyboard in Resources */,
				A3E3FDAD2310924600BD23FB /* chatFunctions.storyboard in Resources */,
				A37AEAC8231084E400699D29 /* Assets.xcassets in Resources */,
				A37AEAC6231084E200699D29 /* Auth.storyboard in Resources */,
				E1C99234231AE575004BD02F /* GoogleService-Info.plist in Resources */,
			);
			runOnlyForDeploymentPostprocessing = 0;
		};
/* End PBXResourcesBuildPhase section */

/* Begin PBXShellScriptBuildPhase section */
		52A2133323DF2265B4AC5AE5 /* [CP] Embed Pods Frameworks */ = {
			isa = PBXShellScriptBuildPhase;
			buildActionMask = 2147483647;
			files = (
			);
			inputFileListPaths = (
				"${PODS_ROOT}/Target Support Files/Pods-Chat App/Pods-Chat App-frameworks-${CONFIGURATION}-input-files.xcfilelist",
			);
			name = "[CP] Embed Pods Frameworks";
			outputFileListPaths = (
				"${PODS_ROOT}/Target Support Files/Pods-Chat App/Pods-Chat App-frameworks-${CONFIGURATION}-output-files.xcfilelist",
			);
			runOnlyForDeploymentPostprocessing = 0;
			shellPath = /bin/sh;
			shellScript = "\"${PODS_ROOT}/Target Support Files/Pods-Chat App/Pods-Chat App-frameworks.sh\"\n";
			showEnvVarsInLog = 0;
		};
		C5AA19700B49BAB514516E0D /* [CP] Check Pods Manifest.lock */ = {
			isa = PBXShellScriptBuildPhase;
			buildActionMask = 2147483647;
			files = (
			);
			inputFileListPaths = (
			);
			inputPaths = (
				"${PODS_PODFILE_DIR_PATH}/Podfile.lock",
				"${PODS_ROOT}/Manifest.lock",
			);
			name = "[CP] Check Pods Manifest.lock";
			outputFileListPaths = (
			);
			outputPaths = (
				"$(DERIVED_FILE_DIR)/Pods-Chat App-checkManifestLockResult.txt",
			);
			runOnlyForDeploymentPostprocessing = 0;
			shellPath = /bin/sh;
			shellScript = "diff \"${PODS_PODFILE_DIR_PATH}/Podfile.lock\" \"${PODS_ROOT}/Manifest.lock\" > /dev/null\nif [ $? != 0 ] ; then\n    # print error to STDERR\n    echo \"error: The sandbox is not in sync with the Podfile.lock. Run 'pod install' or update your CocoaPods installation.\" >&2\n    exit 1\nfi\n# This output is used by Xcode 'outputs' to avoid re-running this script phase.\necho \"SUCCESS\" > \"${SCRIPT_OUTPUT_FILE_0}\"\n";
			showEnvVarsInLog = 0;
		};
/* End PBXShellScriptBuildPhase section */

/* Begin PBXSourcesBuildPhase section */
		A37AEAB9231084E200699D29 /* Sources */ = {
			isa = PBXSourcesBuildPhase;
			buildActionMask = 2147483647;
			files = (
				A3E3FDB12310929900BD23FB /* chatVC.swift in Sources */,
				E1B166C8231A833200E1DD97 /* msgServices.swift in Sources */,
				E1DB0EC82317E0EA00992092 /* newMessageVC.swift in Sources */,
				A37AEADD231087E400699D29 /* signUpVC.swift in Sources */,
				A3E3FDB32310938200BD23FB /* chatBubbleView.swift in Sources */,
				A37AEAC3231084E200699D29 /* loginVC.swift in Sources */,
				A37AEAE5231089D300699D29 /* moreVC.swift in Sources */,
				E1DB0EC62317DA1000992092 /* chatListCell.swift in Sources */,
				A3E3FDB5231096BB00BD23FB /* chatCell.swift in Sources */,
				A30BF8FA2315879600B04EEC /* Message.swift in Sources */,
				E179CC2E231CD10300765E4D /* conversationServices.swift in Sources */,
				E179CC2C231CD02100765E4D /* Conversation.swift in Sources */,
				A37AEAE3231089C000699D29 /* callListVC.swift in Sources */,
				A30BF8FC23158B3D00B04EEC /* User.swift in Sources */,
				E1DB0EC42317D9FF00992092 /* callListCell.swift in Sources */,
				E19762AA2321148700700CE3 /* oneToOneConvoServices.swift in Sources */,
				A37AEAC1231084E200699D29 /* AppDelegate.swift in Sources */,
				A37AEAE1231089AD00699D29 /* chatListVC.swift in Sources */,
				E1DB0ECA2317E14300992092 /* newMessageCell.swift in Sources */,
				E1B166C6231A832500E1DD97 /* userServices.swift in Sources */,
				A37AEADF231087F900699D29 /* resetPassVC.swift in Sources */,
			);
			runOnlyForDeploymentPostprocessing = 0;
		};
/* End PBXSourcesBuildPhase section */

/* Begin PBXVariantGroup section */
		A37AEAC4231084E200699D29 /* Auth.storyboard */ = {
			isa = PBXVariantGroup;
			children = (
				A37AEAC5231084E200699D29 /* Base */,
			);
			name = Auth.storyboard;
			sourceTree = "<group>";
		};
		A37AEAC9231084E400699D29 /* LaunchScreen.storyboard */ = {
			isa = PBXVariantGroup;
			children = (
				A37AEACA231084E400699D29 /* Base */,
			);
			name = LaunchScreen.storyboard;
			sourceTree = "<group>";
		};
/* End PBXVariantGroup section */

/* Begin XCBuildConfiguration section */
		A37AEACD231084E400699D29 /* Debug */ = {
			isa = XCBuildConfiguration;
			buildSettings = {
				ALWAYS_SEARCH_USER_PATHS = NO;
				CLANG_ANALYZER_NONNULL = YES;
				CLANG_ANALYZER_NUMBER_OBJECT_CONVERSION = YES_AGGRESSIVE;
				CLANG_CXX_LANGUAGE_STANDARD = "gnu++14";
				CLANG_CXX_LIBRARY = "libc++";
				CLANG_ENABLE_MODULES = YES;
				CLANG_ENABLE_OBJC_ARC = YES;
				CLANG_ENABLE_OBJC_WEAK = YES;
				CLANG_WARN_BLOCK_CAPTURE_AUTORELEASING = YES;
				CLANG_WARN_BOOL_CONVERSION = YES;
				CLANG_WARN_COMMA = YES;
				CLANG_WARN_CONSTANT_CONVERSION = YES;
				CLANG_WARN_DEPRECATED_OBJC_IMPLEMENTATIONS = YES;
				CLANG_WARN_DIRECT_OBJC_ISA_USAGE = YES_ERROR;
				CLANG_WARN_DOCUMENTATION_COMMENTS = YES;
				CLANG_WARN_EMPTY_BODY = YES;
				CLANG_WARN_ENUM_CONVERSION = YES;
				CLANG_WARN_INFINITE_RECURSION = YES;
				CLANG_WARN_INT_CONVERSION = YES;
				CLANG_WARN_NON_LITERAL_NULL_CONVERSION = YES;
				CLANG_WARN_OBJC_IMPLICIT_RETAIN_SELF = YES;
				CLANG_WARN_OBJC_LITERAL_CONVERSION = YES;
				CLANG_WARN_OBJC_ROOT_CLASS = YES_ERROR;
				CLANG_WARN_RANGE_LOOP_ANALYSIS = YES;
				CLANG_WARN_STRICT_PROTOTYPES = YES;
				CLANG_WARN_SUSPICIOUS_MOVE = YES;
				CLANG_WARN_UNGUARDED_AVAILABILITY = YES_AGGRESSIVE;
				CLANG_WARN_UNREACHABLE_CODE = YES;
				CLANG_WARN__DUPLICATE_METHOD_MATCH = YES;
				CODE_SIGN_IDENTITY = "iPhone Developer";
				COPY_PHASE_STRIP = NO;
				DEBUG_INFORMATION_FORMAT = dwarf;
				ENABLE_STRICT_OBJC_MSGSEND = YES;
				ENABLE_TESTABILITY = YES;
				GCC_C_LANGUAGE_STANDARD = gnu11;
				GCC_DYNAMIC_NO_PIC = NO;
				GCC_NO_COMMON_BLOCKS = YES;
				GCC_OPTIMIZATION_LEVEL = 0;
				GCC_PREPROCESSOR_DEFINITIONS = (
					"DEBUG=1",
					"$(inherited)",
				);
				GCC_WARN_64_TO_32_BIT_CONVERSION = YES;
				GCC_WARN_ABOUT_RETURN_TYPE = YES_ERROR;
				GCC_WARN_UNDECLARED_SELECTOR = YES;
				GCC_WARN_UNINITIALIZED_AUTOS = YES_AGGRESSIVE;
				GCC_WARN_UNUSED_FUNCTION = YES;
				GCC_WARN_UNUSED_VARIABLE = YES;
				IPHONEOS_DEPLOYMENT_TARGET = 12.2;
				MTL_ENABLE_DEBUG_INFO = INCLUDE_SOURCE;
				MTL_FAST_MATH = YES;
				ONLY_ACTIVE_ARCH = YES;
				SDKROOT = iphoneos;
				SWIFT_ACTIVE_COMPILATION_CONDITIONS = DEBUG;
				SWIFT_OPTIMIZATION_LEVEL = "-Onone";
			};
			name = Debug;
		};
		A37AEACE231084E400699D29 /* Release */ = {
			isa = XCBuildConfiguration;
			buildSettings = {
				ALWAYS_SEARCH_USER_PATHS = NO;
				CLANG_ANALYZER_NONNULL = YES;
				CLANG_ANALYZER_NUMBER_OBJECT_CONVERSION = YES_AGGRESSIVE;
				CLANG_CXX_LANGUAGE_STANDARD = "gnu++14";
				CLANG_CXX_LIBRARY = "libc++";
				CLANG_ENABLE_MODULES = YES;
				CLANG_ENABLE_OBJC_ARC = YES;
				CLANG_ENABLE_OBJC_WEAK = YES;
				CLANG_WARN_BLOCK_CAPTURE_AUTORELEASING = YES;
				CLANG_WARN_BOOL_CONVERSION = YES;
				CLANG_WARN_COMMA = YES;
				CLANG_WARN_CONSTANT_CONVERSION = YES;
				CLANG_WARN_DEPRECATED_OBJC_IMPLEMENTATIONS = YES;
				CLANG_WARN_DIRECT_OBJC_ISA_USAGE = YES_ERROR;
				CLANG_WARN_DOCUMENTATION_COMMENTS = YES;
				CLANG_WARN_EMPTY_BODY = YES;
				CLANG_WARN_ENUM_CONVERSION = YES;
				CLANG_WARN_INFINITE_RECURSION = YES;
				CLANG_WARN_INT_CONVERSION = YES;
				CLANG_WARN_NON_LITERAL_NULL_CONVERSION = YES;
				CLANG_WARN_OBJC_IMPLICIT_RETAIN_SELF = YES;
				CLANG_WARN_OBJC_LITERAL_CONVERSION = YES;
				CLANG_WARN_OBJC_ROOT_CLASS = YES_ERROR;
				CLANG_WARN_RANGE_LOOP_ANALYSIS = YES;
				CLANG_WARN_STRICT_PROTOTYPES = YES;
				CLANG_WARN_SUSPICIOUS_MOVE = YES;
				CLANG_WARN_UNGUARDED_AVAILABILITY = YES_AGGRESSIVE;
				CLANG_WARN_UNREACHABLE_CODE = YES;
				CLANG_WARN__DUPLICATE_METHOD_MATCH = YES;
				CODE_SIGN_IDENTITY = "iPhone Developer";
				COPY_PHASE_STRIP = NO;
				DEBUG_INFORMATION_FORMAT = "dwarf-with-dsym";
				ENABLE_NS_ASSERTIONS = NO;
				ENABLE_STRICT_OBJC_MSGSEND = YES;
				GCC_C_LANGUAGE_STANDARD = gnu11;
				GCC_NO_COMMON_BLOCKS = YES;
				GCC_WARN_64_TO_32_BIT_CONVERSION = YES;
				GCC_WARN_ABOUT_RETURN_TYPE = YES_ERROR;
				GCC_WARN_UNDECLARED_SELECTOR = YES;
				GCC_WARN_UNINITIALIZED_AUTOS = YES_AGGRESSIVE;
				GCC_WARN_UNUSED_FUNCTION = YES;
				GCC_WARN_UNUSED_VARIABLE = YES;
				IPHONEOS_DEPLOYMENT_TARGET = 12.2;
				MTL_ENABLE_DEBUG_INFO = NO;
				MTL_FAST_MATH = YES;
				SDKROOT = iphoneos;
				SWIFT_COMPILATION_MODE = wholemodule;
				SWIFT_OPTIMIZATION_LEVEL = "-O";
				VALIDATE_PRODUCT = YES;
			};
			name = Release;
		};
		A37AEAD0231084E400699D29 /* Debug */ = {
			isa = XCBuildConfiguration;
			baseConfigurationReference = E0D9A95B729E3274EB90382B /* Pods-Chat App.debug.xcconfig */;
			buildSettings = {
				ASSETCATALOG_COMPILER_APPICON_NAME = AppIcon;
				CODE_SIGN_STYLE = Automatic;
				DEVELOPMENT_TEAM = JZ7ZYM42NV;
				INFOPLIST_FILE = "Chat App/Info.plist";
				LD_RUNPATH_SEARCH_PATHS = (
					"$(inherited)",
					"@executable_path/Frameworks",
				);
				PRODUCT_BUNDLE_IDENTIFIER = "Gr33dYTech.Chat-App";
				PRODUCT_NAME = "$(TARGET_NAME)";
				SWIFT_VERSION = 5.0;
				TARGETED_DEVICE_FAMILY = "1,2";
			};
			name = Debug;
		};
		A37AEAD1231084E400699D29 /* Release */ = {
			isa = XCBuildConfiguration;
			baseConfigurationReference = 065A03765BD585841267CCE0 /* Pods-Chat App.release.xcconfig */;
			buildSettings = {
				ASSETCATALOG_COMPILER_APPICON_NAME = AppIcon;
				CODE_SIGN_STYLE = Automatic;
				DEVELOPMENT_TEAM = JZ7ZYM42NV;
				INFOPLIST_FILE = "Chat App/Info.plist";
				LD_RUNPATH_SEARCH_PATHS = (
					"$(inherited)",
					"@executable_path/Frameworks",
				);
				PRODUCT_BUNDLE_IDENTIFIER = "Gr33dYTech.Chat-App";
				PRODUCT_NAME = "$(TARGET_NAME)";
				SWIFT_VERSION = 5.0;
				TARGETED_DEVICE_FAMILY = "1,2";
			};
			name = Release;
		};
/* End XCBuildConfiguration section */

/* Begin XCConfigurationList section */
		A37AEAB8231084E200699D29 /* Build configuration list for PBXProject "Chat App" */ = {
			isa = XCConfigurationList;
			buildConfigurations = (
				A37AEACD231084E400699D29 /* Debug */,
				A37AEACE231084E400699D29 /* Release */,
			);
			defaultConfigurationIsVisible = 0;
			defaultConfigurationName = Release;
		};
		A37AEACF231084E400699D29 /* Build configuration list for PBXNativeTarget "Chat App" */ = {
			isa = XCConfigurationList;
			buildConfigurations = (
				A37AEAD0231084E400699D29 /* Debug */,
				A37AEAD1231084E400699D29 /* Release */,
			);
			defaultConfigurationIsVisible = 0;
			defaultConfigurationName = Release;
		};
/* End XCConfigurationList section */
	};
	rootObject = A37AEAB5231084E200699D29 /* Project object */;
}
